
Microsoft Visual Studio Solution File, Format Version 12.00
# Visual Studio Version 17
VisualStudioVersion = 17.7.34031.279
MinimumVisualStudioVersion = 10.0.40219.1
Project("{FAE04EC0-301F-11D3-BF4B-00C04F79EFBC}") = "WpfMetanitApp_2", "WpfMetanitApp_2\WpfMetanitApp_2.csproj", "{20C5E572-2814-4DC4-BDA3-300DABAAE960}"
EndProject
Global
	GlobalSection(SolutionConfigurationPlatforms) = preSolution
		Debug|Any CPU = Debug|Any CPU
		Release|Any CPU = Release|Any CPU
	EndGlobalSection
	GlobalSection(ProjectConfigurationPlatforms) = postSolution
		{20C5E572-2814-4DC4-BDA3-300DABAAE960}.Debug|Any CPU.ActiveCfg = Debug|Any CPU
		{20C5E572-2814-4DC4-BDA3-300DABAAE960}.Debug|Any CPU.Build.0 = Debug|Any CPU
		{20C5E572-2814-4DC4-BDA3-300DABAAE960}.Release|Any CPU.ActiveCfg = Release|Any CPU
		{20C5E572-2814-4DC4-BDA3-300DABAAE960}.Release|Any CPU.Build.0 = Release|Any CPU
	EndGlobalSection
	GlobalSection(SolutionProperties) = preSolution
		HideSolutionNode = FALSE
	EndGlobalSection
	GlobalSection(ExtensibilityGlobals) = postSolution
		SolutionGuid = {8A1D3530-D62E-4FC4-93DF-EF62353408CB}
	EndGlobalSection
EndGlobal
